
Microsoft Visual Studio Solution File, Format Version 12.00
# Visual Studio 2013
VisualStudioVersion = 12.0.31101.0
MinimumVisualStudioVersion = 10.0.40219.1
Project("{FAE04EC0-301F-11D3-BF4B-00C04F79EFBC}") = "Sql.Net", "Sql.Net\Sql.Net.csproj", "{9F911867-94B3-41E3-A63B-7C0E1B965C75}"
EndProject
Project("{FAE04EC0-301F-11D3-BF4B-00C04F79EFBC}") = "Sql.Net.Scripts", "Sql.Net.Scripts\Sql.Net.Scripts.csproj", "{A2353105-7DBE-4F9F-8DCE-A2DD75B20D84}"
EndProject
Global
	GlobalSection(SolutionConfigurationPlatforms) = preSolution
		Debug|Any CPU = Debug|Any CPU
		Release|Any CPU = Release|Any CPU
	EndGlobalSection
	GlobalSection(ProjectConfigurationPlatforms) = postSolution
		{9F911867-94B3-41E3-A63B-7C0E1B965C75}.Debug|Any CPU.ActiveCfg = Debug|Any CPU
		{9F911867-94B3-41E3-A63B-7C0E1B965C75}.Debug|Any CPU.Build.0 = Debug|Any CPU
		{9F911867-94B3-41E3-A63B-7C0E1B965C75}.Release|Any CPU.ActiveCfg = Release|Any CPU
		{9F911867-94B3-41E3-A63B-7C0E1B965C75}.Release|Any CPU.Build.0 = Release|Any CPU
		{A2353105-7DBE-4F9F-8DCE-A2DD75B20D84}.Debug|Any CPU.ActiveCfg = Debug|Any CPU
		{A2353105-7DBE-4F9F-8DCE-A2DD75B20D84}.Debug|Any CPU.Build.0 = Debug|Any CPU
		{A2353105-7DBE-4F9F-8DCE-A2DD75B20D84}.Release|Any CPU.ActiveCfg = Release|Any CPU
		{A2353105-7DBE-4F9F-8DCE-A2DD75B20D84}.Release|Any CPU.Build.0 = Release|Any CPU
	EndGlobalSection
	GlobalSection(SolutionProperties) = preSolution
		HideSolutionNode = FALSE
	EndGlobalSection
EndGlobal
