
Microsoft Visual Studio Solution File, Format Version 12.00
# Visual Studio 2013
VisualStudioVersion = 12.0.31101.0
MinimumVisualStudioVersion = 10.0.40219.1
Project("{FAE04EC0-301F-11D3-BF4B-00C04F79EFBC}") = "Sql.Net", "Sql.Net\Sql.Net.csproj", "{9F911867-94B3-41E3-A63B-7C0E1B965C75}"
EndProject
Project("{FAE04EC0-301F-11D3-BF4B-00C04F79EFBC}") = "Sql.Net.Scripts", "Sql.Net.Scripts\Sql.Net.Scripts.csproj", "{A2353105-7DBE-4F9F-8DCE-A2DD75B20D84}"
EndProject
Project("{00D1A9C2-B5F0-4AF3-8072-F6C62B433612}") = "Sql.Net.Database", "Sql.Net.Database\Sql.Net.Database.sqlproj", "{7A6EAEE3-4D05-4C23-A0D4-4AA63BCBF690}"
EndProject
Project("{FAE04EC0-301F-11D3-BF4B-00C04F79EFBC}") = "Sql.Net.UnitTests", "Sql.Net.UnitTests\Sql.Net.UnitTests.csproj", "{B01628C6-1762-4828-8475-A606CF9A3067}"
EndProject
Global
	GlobalSection(SolutionConfigurationPlatforms) = preSolution
		Debug|Any CPU = Debug|Any CPU
		Release|Any CPU = Release|Any CPU
	EndGlobalSection
	GlobalSection(ProjectConfigurationPlatforms) = postSolution
		{9F911867-94B3-41E3-A63B-7C0E1B965C75}.Debug|Any CPU.ActiveCfg = Debug|Any CPU
		{9F911867-94B3-41E3-A63B-7C0E1B965C75}.Debug|Any CPU.Build.0 = Debug|Any CPU
		{9F911867-94B3-41E3-A63B-7C0E1B965C75}.Release|Any CPU.ActiveCfg = Release|Any CPU
		{9F911867-94B3-41E3-A63B-7C0E1B965C75}.Release|Any CPU.Build.0 = Release|Any CPU
		{A2353105-7DBE-4F9F-8DCE-A2DD75B20D84}.Debug|Any CPU.ActiveCfg = Debug|Any CPU
		{A2353105-7DBE-4F9F-8DCE-A2DD75B20D84}.Debug|Any CPU.Build.0 = Debug|Any CPU
		{A2353105-7DBE-4F9F-8DCE-A2DD75B20D84}.Release|Any CPU.ActiveCfg = Release|Any CPU
		{A2353105-7DBE-4F9F-8DCE-A2DD75B20D84}.Release|Any CPU.Build.0 = Release|Any CPU
		{7A6EAEE3-4D05-4C23-A0D4-4AA63BCBF690}.Debug|Any CPU.ActiveCfg = Debug|Any CPU
		{7A6EAEE3-4D05-4C23-A0D4-4AA63BCBF690}.Debug|Any CPU.Build.0 = Debug|Any CPU
		{7A6EAEE3-4D05-4C23-A0D4-4AA63BCBF690}.Debug|Any CPU.Deploy.0 = Debug|Any CPU
		{7A6EAEE3-4D05-4C23-A0D4-4AA63BCBF690}.Release|Any CPU.ActiveCfg = Release|Any CPU
		{7A6EAEE3-4D05-4C23-A0D4-4AA63BCBF690}.Release|Any CPU.Build.0 = Release|Any CPU
		{7A6EAEE3-4D05-4C23-A0D4-4AA63BCBF690}.Release|Any CPU.Deploy.0 = Release|Any CPU
		{B01628C6-1762-4828-8475-A606CF9A3067}.Debug|Any CPU.ActiveCfg = Debug|Any CPU
		{B01628C6-1762-4828-8475-A606CF9A3067}.Debug|Any CPU.Build.0 = Debug|Any CPU
		{B01628C6-1762-4828-8475-A606CF9A3067}.Release|Any CPU.ActiveCfg = Release|Any CPU
		{B01628C6-1762-4828-8475-A606CF9A3067}.Release|Any CPU.Build.0 = Release|Any CPU
	EndGlobalSection
	GlobalSection(SolutionProperties) = preSolution
		HideSolutionNode = FALSE
	EndGlobalSection
EndGlobal
